// !$*UTF8*$!
{
	archiveVersion = 1;
	classes = {
	};
	objectVersion = 77;
	objects = {

/* Begin PBXContainerItemProxy section */
		D48531662DE6B8E9004F982D /* PBXContainerItemProxy */ = {
			isa = PBXContainerItemProxy;
			containerPortal = D48531502DE6B8E8004F982D /* Project object */;
			proxyType = 1;
			remoteGlobalIDString = D48531572DE6B8E8004F982D;
			remoteInfo = FoodEye;
		};
		D48531702DE6B8E9004F982D /* PBXContainerItemProxy */ = {
			isa = PBXContainerItemProxy;
			containerPortal = D48531502DE6B8E8004F982D /* Project object */;
			proxyType = 1;
			remoteGlobalIDString = D48531572DE6B8E8004F982D;
			remoteInfo = FoodEye;
		};
/* End PBXContainerItemProxy section */

/* Begin PBXFileReference section */
		D48531582DE6B8E8004F982D /* FoodEye.app */ = {isa = PBXFileReference; explicitFileType = wrapper.application; includeInIndex = 0; path = FoodEye.app; sourceTree = BUILT_PRODUCTS_DIR; };
		D48531652DE6B8E9004F982D /* FoodEyeTests.xctest */ = {isa = PBXFileReference; explicitFileType = wrapper.cfbundle; includeInIndex = 0; path = FoodEyeTests.xctest; sourceTree = BUILT_PRODUCTS_DIR; };
		D485316F2DE6B8E9004F982D /* FoodEyeUITests.xctest */ = {isa = PBXFileReference; explicitFileType = wrapper.cfbundle; includeInIndex = 0; path = FoodEyeUITests.xctest; sourceTree = BUILT_PRODUCTS_DIR; };
/* End PBXFileReference section */

/* Begin PBXFileSystemSynchronizedRootGroup section */
		D485315A2DE6B8E8004F982D /* FoodEye */ = {
			isa = PBXFileSystemSynchronizedRootGroup;
			path = FoodEye;
			sourceTree = "<group>";
		};
		D48531682DE6B8E9004F982D /* FoodEyeTests */ = {
			isa = PBXFileSystemSynchronizedRootGroup;
			path = FoodEyeTests;
			sourceTree = "<group>";
		};
		D48531722DE6B8E9004F982D /* FoodEyeUITests */ = {
			isa = PBXFileSystemSynchronizedRootGroup;
			path = FoodEyeUITests;
			sourceTree = "<group>";
		};
/* End PBXFileSystemSynchronizedRootGroup section */

/* Begin PBXFrameworksBuildPhase section */
		D48531552DE6B8E8004F982D /* Frameworks */ = {
			isa = PBXFrameworksBuildPhase;
			buildActionMask = 2147483647;
			files = (
			);
			runOnlyForDeploymentPostprocessing = 0;
		};
		D48531622DE6B8E9004F982D /* Frameworks */ = {
			isa = PBXFrameworksBuildPhase;
			buildActionMask = 2147483647;
			files = (
			);
			runOnlyForDeploymentPostprocessing = 0;
		};
		D485316C2DE6B8E9004F982D /* Frameworks */ = {
			isa = PBXFrameworksBuildPhase;
			buildActionMask = 2147483647;
			files = (
			);
			runOnlyForDeploymentPostprocessing = 0;
		};
/* End PBXFrameworksBuildPhase section */

/* Begin PBXGroup section */
		D485314F2DE6B8E8004F982D = {
			isa = PBXGroup;
			children = (
				D485315A2DE6B8E8004F982D /* FoodEye */,
				D48531682DE6B8E9004F982D /* FoodEyeTests */,
				D48531722DE6B8E9004F982D /* FoodEyeUITests */,
				D48531592DE6B8E8004F982D /* Products */,
			);
			sourceTree = "<group>";
		};
		D48531592DE6B8E8004F982D /* Products */ = {
			isa = PBXGroup;
			children = (
				D48531582DE6B8E8004F982D /* FoodEye.app */,
				D48531652DE6B8E9004F982D /* FoodEyeTests.xctest */,
				D485316F2DE6B8E9004F982D /* FoodEyeUITests.xctest */,
			);
			name = Products;
			sourceTree = "<group>";
		};
/* End PBXGroup section */

/* Begin PBXNativeTarget section */
		D48531572DE6B8E8004F982D /* FoodEye */ = {
			isa = PBXNativeTarget;
			buildConfigurationList = D48531792DE6B8E9004F982D /* Build configuration list for PBXNativeTarget "FoodEye" */;
			buildPhases = (
				D48531542DE6B8E8004F982D /* Sources */,
				D48531552DE6B8E8004F982D /* Frameworks */,
				D48531562DE6B8E8004F982D /* Resources */,
			);
			buildRules = (
			);
			dependencies = (
			);
			fileSystemSynchronizedGroups = (
				D485315A2DE6B8E8004F982D /* FoodEye */,
			);
			name = FoodEye;
			packageProductDependencies = (
			);
			productName = FoodEye;
			productReference = D48531582DE6B8E8004F982D /* FoodEye.app */;
			productType = "com.apple.product-type.application";
		};
		D48531642DE6B8E9004F982D /* FoodEyeTests */ = {
			isa = PBXNativeTarget;
			buildConfigurationList = D485317C2DE6B8E9004F982D /* Build configuration list for PBXNativeTarget "FoodEyeTests" */;
			buildPhases = (
				D48531612DE6B8E9004F982D /* Sources */,
				D48531622DE6B8E9004F982D /* Frameworks */,
				D48531632DE6B8E9004F982D /* Resources */,
			);
			buildRules = (
			);
			dependencies = (
				D48531672DE6B8E9004F982D /* PBXTargetDependency */,
			);
			fileSystemSynchronizedGroups = (
				D48531682DE6B8E9004F982D /* FoodEyeTests */,
			);
			name = FoodEyeTests;
			packageProductDependencies = (
			);
			productName = FoodEyeTests;
			productReference = D48531652DE6B8E9004F982D /* FoodEyeTests.xctest */;
			productType = "com.apple.product-type.bundle.unit-test";
		};
		D485316E2DE6B8E9004F982D /* FoodEyeUITests */ = {
			isa = PBXNativeTarget;
			buildConfigurationList = D485317F2DE6B8E9004F982D /* Build configuration list for PBXNativeTarget "FoodEyeUITests" */;
			buildPhases = (
				D485316B2DE6B8E9004F982D /* Sources */,
				D485316C2DE6B8E9004F982D /* Frameworks */,
				D485316D2DE6B8E9004F982D /* Resources */,
			);
			buildRules = (
			);
			dependencies = (
				D48531712DE6B8E9004F982D /* PBXTargetDependency */,
			);
			fileSystemSynchronizedGroups = (
				D48531722DE6B8E9004F982D /* FoodEyeUITests */,
			);
			name = FoodEyeUITests;
			packageProductDependencies = (
			);
			productName = FoodEyeUITests;
			productReference = D485316F2DE6B8E9004F982D /* FoodEyeUITests.xctest */;
			productType = "com.apple.product-type.bundle.ui-testing";
		};
/* End PBXNativeTarget section */

/* Begin PBXProject section */
		D48531502DE6B8E8004F982D /* Project object */ = {
			isa = PBXProject;
			attributes = {
				BuildIndependentTargetsInParallel = 1;
				LastSwiftUpdateCheck = 1630;
				LastUpgradeCheck = 1630;
				TargetAttributes = {
					D48531572DE6B8E8004F982D = {
						CreatedOnToolsVersion = 16.3;
					};
					D48531642DE6B8E9004F982D = {
						CreatedOnToolsVersion = 16.3;
						TestTargetID = D48531572DE6B8E8004F982D;
					};
					D485316E2DE6B8E9004F982D = {
						CreatedOnToolsVersion = 16.3;
						TestTargetID = D48531572DE6B8E8004F982D;
					};
				};
			};
			buildConfigurationList = D48531532DE6B8E8004F982D /* Build configuration list for PBXProject "FoodEye" */;
			developmentRegion = en;
			hasScannedForEncodings = 0;
			knownRegions = (
				en,
				Base,
			);
			mainGroup = D485314F2DE6B8E8004F982D;
			minimizedProjectReferenceProxies = 1;
			preferredProjectObjectVersion = 77;
			productRefGroup = D48531592DE6B8E8004F982D /* Products */;
			projectDirPath = "";
			projectRoot = "";
			targets = (
				D48531572DE6B8E8004F982D /* FoodEye */,
				D48531642DE6B8E9004F982D /* FoodEyeTests */,
				D485316E2DE6B8E9004F982D /* FoodEyeUITests */,
			);
		};
/* End PBXProject section */

/* Begin PBXResourcesBuildPhase section */
		D48531562DE6B8E8004F982D /* Resources */ = {
			isa = PBXResourcesBuildPhase;
			buildActionMask = 2147483647;
			files = (
			);
			runOnlyForDeploymentPostprocessing = 0;
		};
		D48531632DE6B8E9004F982D /* Resources */ = {
			isa = PBXResourcesBuildPhase;
			buildActionMask = 2147483647;
			files = (
			);
			runOnlyForDeploymentPostprocessing = 0;
		};
		D485316D2DE6B8E9004F982D /* Resources */ = {
			isa = PBXResourcesBuildPhase;
			buildActionMask = 2147483647;
			files = (
			);
			runOnlyForDeploymentPostprocessing = 0;
		};
/* End PBXResourcesBuildPhase section */

/* Begin PBXSourcesBuildPhase section */
		D48531542DE6B8E8004F982D /* Sources */ = {
			isa = PBXSourcesBuildPhase;
			buildActionMask = 2147483647;
			files = (
			);
			runOnlyForDeploymentPostprocessing = 0;
		};
		D48531612DE6B8E9004F982D /* Sources */ = {
			isa = PBXSourcesBuildPhase;
			buildActionMask = 2147483647;
			files = (
			);
			runOnlyForDeploymentPostprocessing = 0;
		};
		D485316B2DE6B8E9004F982D /* Sources */ = {
			isa = PBXSourcesBuildPhase;
			buildActionMask = 2147483647;
			files = (
			);
			runOnlyForDeploymentPostprocessing = 0;
		};
/* End PBXSourcesBuildPhase section */

/* Begin PBXTargetDependency section */
		D48531672DE6B8E9004F982D /* PBXTargetDependency */ = {
			isa = PBXTargetDependency;
			target = D48531572DE6B8E8004F982D /* FoodEye */;
			targetProxy = D48531662DE6B8E9004F982D /* PBXContainerItemProxy */;
		};
		D48531712DE6B8E9004F982D /* PBXTargetDependency */ = {
			isa = PBXTargetDependency;
			target = D48531572DE6B8E8004F982D /* FoodEye */;
			targetProxy = D48531702DE6B8E9004F982D /* PBXContainerItemProxy */;
		};
/* End PBXTargetDependency section */

/* Begin XCBuildConfiguration section */
		D48531772DE6B8E9004F982D /* Debug */ = {
			isa = XCBuildConfiguration;
			buildSettings = {
				ALWAYS_SEARCH_USER_PATHS = NO;
				ASSETCATALOG_COMPILER_GENERATE_SWIFT_ASSET_SYMBOL_EXTENSIONS = YES;
				CLANG_ANALYZER_NONNULL = YES;
				CLANG_ANALYZER_NUMBER_OBJECT_CONVERSION = YES_AGGRESSIVE;
				CLANG_CXX_LANGUAGE_STANDARD = "gnu++20";
				CLANG_ENABLE_MODULES = YES;
				CLANG_ENABLE_OBJC_ARC = YES;
				CLANG_ENABLE_OBJC_WEAK = YES;
				CLANG_WARN_BLOCK_CAPTURE_AUTORELEASING = YES;
				CLANG_WARN_BOOL_CONVERSION = YES;
				CLANG_WARN_COMMA = YES;
				CLANG_WARN_CONSTANT_CONVERSION = YES;
				CLANG_WARN_DEPRECATED_OBJC_IMPLEMENTATIONS = YES;
				CLANG_WARN_DIRECT_OBJC_ISA_USAGE = YES_ERROR;
				CLANG_WARN_DOCUMENTATION_COMMENTS = YES;
				CLANG_WARN_EMPTY_BODY = YES;
				CLANG_WARN_ENUM_CONVERSION = YES;
				CLANG_WARN_INFINITE_RECURSION = YES;
				CLANG_WARN_INT_CONVERSION = YES;
				CLANG_WARN_NON_LITERAL_NULL_CONVERSION = YES;
				CLANG_WARN_OBJC_IMPLICIT_RETAIN_SELF = YES;
				CLANG_WARN_OBJC_LITERAL_CONVERSION = YES;
				CLANG_WARN_OBJC_ROOT_CLASS = YES_ERROR;
				CLANG_WARN_QUOTED_INCLUDE_IN_FRAMEWORK_HEADER = YES;
				CLANG_WARN_RANGE_LOOP_ANALYSIS = YES;
				CLANG_WARN_STRICT_PROTOTYPES = YES;
				CLANG_WARN_SUSPICIOUS_MOVE = YES;
				CLANG_WARN_UNGUARDED_AVAILABILITY = YES_AGGRESSIVE;
				CLANG_WARN_UNREACHABLE_CODE = YES;
				CLANG_WARN__DUPLICATE_METHOD_MATCH = YES;
				COPY_PHASE_STRIP = NO;
				DEBUG_INFORMATION_FORMAT = dwarf;
				DEVELOPMENT_TEAM = P77X63PVT6;
				ENABLE_STRICT_OBJC_MSGSEND = YES;
				ENABLE_TESTABILITY = YES;
				ENABLE_USER_SCRIPT_SANDBOXING = YES;
				GCC_C_LANGUAGE_STANDARD = gnu17;
				GCC_DYNAMIC_NO_PIC = NO;
				GCC_NO_COMMON_BLOCKS = YES;
				GCC_OPTIMIZATION_LEVEL = 0;
				GCC_PREPROCESSOR_DEFINITIONS = (
					"DEBUG=1",
					"$(inherited)",
				);
				GCC_WARN_64_TO_32_BIT_CONVERSION = YES;
				GCC_WARN_ABOUT_RETURN_TYPE = YES_ERROR;
				GCC_WARN_UNDECLARED_SELECTOR = YES;
				GCC_WARN_UNINITIALIZED_AUTOS = YES_AGGRESSIVE;
				GCC_WARN_UNUSED_FUNCTION = YES;
				GCC_WARN_UNUSED_VARIABLE = YES;
				IPHONEOS_DEPLOYMENT_TARGET = 18.4;
				LOCALIZATION_PREFERS_STRING_CATALOGS = YES;
				MTL_ENABLE_DEBUG_INFO = INCLUDE_SOURCE;
				MTL_FAST_MATH = YES;
				ONLY_ACTIVE_ARCH = YES;
				SDKROOT = iphoneos;
				SWIFT_ACTIVE_COMPILATION_CONDITIONS = "DEBUG $(inherited)";
				SWIFT_OPTIMIZATION_LEVEL = "-Onone";
			};
			name = Debug;
		};
		D48531782DE6B8E9004F982D /* Release */ = {
			isa = XCBuildConfiguration;
			buildSettings = {
				ALWAYS_SEARCH_USER_PATHS = NO;
				ASSETCATALOG_COMPILER_GENERATE_SWIFT_ASSET_SYMBOL_EXTENSIONS = YES;
				CLANG_ANALYZER_NONNULL = YES;
				CLANG_ANALYZER_NUMBER_OBJECT_CONVERSION = YES_AGGRESSIVE;
				CLANG_CXX_LANGUAGE_STANDARD = "gnu++20";
				CLANG_ENABLE_MODULES = YES;
				CLANG_ENABLE_OBJC_ARC = YES;
				CLANG_ENABLE_OBJC_WEAK = YES;
				CLANG_WARN_BLOCK_CAPTURE_AUTORELEASING = YES;
				CLANG_WARN_BOOL_CONVERSION = YES;
				CLANG_WARN_COMMA = YES;
				CLANG_WARN_CONSTANT_CONVERSION = YES;
				CLANG_WARN_DEPRECATED_OBJC_IMPLEMENTATIONS = YES;
				CLANG_WARN_DIRECT_OBJC_ISA_USAGE = YES_ERROR;
				CLANG_WARN_DOCUMENTATION_COMMENTS = YES;
				CLANG_WARN_EMPTY_BODY = YES;
				CLANG_WARN_ENUM_CONVERSION = YES;
				CLANG_WARN_INFINITE_RECURSION = YES;
				CLANG_WARN_INT_CONVERSION = YES;
				CLANG_WARN_NON_LITERAL_NULL_CONVERSION = YES;
				CLANG_WARN_OBJC_IMPLICIT_RETAIN_SELF = YES;
				CLANG_WARN_OBJC_LITERAL_CONVERSION = YES;
				CLANG_WARN_OBJC_ROOT_CLASS = YES_ERROR;
				CLANG_WARN_QUOTED_INCLUDE_IN_FRAMEWORK_HEADER = YES;
				CLANG_WARN_RANGE_LOOP_ANALYSIS = YES;
				CLANG_WARN_STRICT_PROTOTYPES = YES;
				CLANG_WARN_SUSPICIOUS_MOVE = YES;
				CLANG_WARN_UNGUARDED_AVAILABILITY = YES_AGGRESSIVE;
				CLANG_WARN_UNREACHABLE_CODE = YES;
				CLANG_WARN__DUPLICATE_METHOD_MATCH = YES;
				COPY_PHASE_STRIP = NO;
				DEBUG_INFORMATION_FORMAT = "dwarf-with-dsym";
				DEVELOPMENT_TEAM = P77X63PVT6;
				ENABLE_NS_ASSERTIONS = NO;
				ENABLE_STRICT_OBJC_MSGSEND = YES;
				ENABLE_USER_SCRIPT_SANDBOXING = YES;
				GCC_C_LANGUAGE_STANDARD = gnu17;
				GCC_NO_COMMON_BLOCKS = YES;
				GCC_WARN_64_TO_32_BIT_CONVERSION = YES;
				GCC_WARN_ABOUT_RETURN_TYPE = YES_ERROR;
				GCC_WARN_UNDECLARED_SELECTOR = YES;
				GCC_WARN_UNINITIALIZED_AUTOS = YES_AGGRESSIVE;
				GCC_WARN_UNUSED_FUNCTION = YES;
				GCC_WARN_UNUSED_VARIABLE = YES;
				IPHONEOS_DEPLOYMENT_TARGET = 18.4;
				LOCALIZATION_PREFERS_STRING_CATALOGS = YES;
				MTL_ENABLE_DEBUG_INFO = NO;
				MTL_FAST_MATH = YES;
				SDKROOT = iphoneos;
				SWIFT_COMPILATION_MODE = wholemodule;
				VALIDATE_PRODUCT = YES;
			};
			name = Release;
		};
		D485317A2DE6B8E9004F982D /* Debug */ = {
			isa = XCBuildConfiguration;
			buildSettings = {
				ASSETCATALOG_COMPILER_APPICON_NAME = AppIcon;
				ASSETCATALOG_COMPILER_GLOBAL_ACCENT_COLOR_NAME = AccentColor;
				CODE_SIGN_STYLE = Automatic;
				CURRENT_PROJECT_VERSION = 1;
				DEVELOPMENT_TEAM = P77X63PVT6;
				ENABLE_PREVIEWS = YES;
				GENERATE_INFOPLIST_FILE = YES;
				INFOPLIST_KEY_NSCameraUsageDescription = "FoodEye needs access to your camera to take photos of your food for nutritional analysis.";
				INFOPLIST_KEY_NSPhotoLibraryUsageDescription = "FoodEye needs access to your photo library to select existing food photos for nutritional analysis.";
				INFOPLIST_KEY_UIApplicationSceneManifest_Generation = YES;
				INFOPLIST_KEY_UIApplicationSupportsIndirectInputEvents = YES;
				INFOPLIST_KEY_UILaunchScreen_Generation = YES;
				INFOPLIST_KEY_UISupportedInterfaceOrientations_iPad = "UIInterfaceOrientationPortrait UIInterfaceOrientationPortraitUpsideDown UIInterfaceOrientationLandscapeLeft UIInterfaceOrientationLandscapeRight";
				INFOPLIST_KEY_UISupportedInterfaceOrientations_iPhone = "UIInterfaceOrientationPortrait UIInterfaceOrientationLandscapeLeft UIInterfaceOrientationLandscapeRight";
				LD_RUNPATH_SEARCH_PATHS = (
					"$(inherited)",
					"@executable_path/Frameworks",
				);
				MARKETING_VERSION = 1.0;
				PRODUCT_BUNDLE_IDENTIFIER = philip.FoodEye;
				PRODUCT_NAME = "$(TARGET_NAME)";
				SWIFT_EMIT_LOC_STRINGS = YES;
				SWIFT_VERSION = 5.0;
				TARGETED_DEVICE_FAMILY = "1,2";
			};
			name = Debug;
		};
		D485317B2DE6B8E9004F982D /* Release */ = {
			isa = XCBuildConfiguration;
			buildSettings = {
				ASSETCATALOG_COMPILER_APPICON_NAME = AppIcon;
				ASSETCATALOG_COMPILER_GLOBAL_ACCENT_COLOR_NAME = AccentColor;
				CODE_SIGN_STYLE = Automatic;
				CURRENT_PROJECT_VERSION = 1;
				DEVELOPMENT_TEAM = P77X63PVT6;
				ENABLE_PREVIEWS = YES;
				GENERATE_INFOPLIST_FILE = YES;
				INFOPLIST_KEY_NSCameraUsageDescription = "FoodEye needs access to your camera to take photos of your food for nutritional analysis.";
				INFOPLIST_KEY_NSPhotoLibraryUsageDescription = "FoodEye needs access to your photo library to select existing food photos for nutritional analysis.";
				INFOPLIST_KEY_UIApplicationSceneManifest_Generation = YES;
				INFOPLIST_KEY_UIApplicationSupportsIndirectInputEvents = YES;
				INFOPLIST_KEY_UILaunchScreen_Generation = YES;
				INFOPLIST_KEY_UISupportedInterfaceOrientations_iPad = "UIInterfaceOrientationPortrait UIInterfaceOrientationPortraitUpsideDown UIInterfaceOrientationLandscapeLeft UIInterfaceOrientationLandscapeRight";
				INFOPLIST_KEY_UISupportedInterfaceOrientations_iPhone = "UIInterfaceOrientationPortrait UIInterfaceOrientationLandscapeLeft UIInterfaceOrientationLandscapeRight";
				LD_RUNPATH_SEARCH_PATHS = (
					"$(inherited)",
					"@executable_path/Frameworks",
				);
				MARKETING_VERSION = 1.0;
				PRODUCT_BUNDLE_IDENTIFIER = philip.FoodEye;
				PRODUCT_NAME = "$(TARGET_NAME)";
				SWIFT_EMIT_LOC_STRINGS = YES;
				SWIFT_VERSION = 5.0;
				TARGETED_DEVICE_FAMILY = "1,2";
			};
			name = Release;
		};
		D485317D2DE6B8E9004F982D /* Debug */ = {
			isa = XCBuildConfiguration;
			buildSettings = {
				BUNDLE_LOADER = "$(TEST_HOST)";
				CODE_SIGN_STYLE = Automatic;
				CURRENT_PROJECT_VERSION = 1;
				DEVELOPMENT_TEAM = P77X63PVT6;
				GENERATE_INFOPLIST_FILE = YES;
				IPHONEOS_DEPLOYMENT_TARGET = 18.4;
				MARKETING_VERSION = 1.0;
				PRODUCT_BUNDLE_IDENTIFIER = philip.FoodEyeTests;
				PRODUCT_NAME = "$(TARGET_NAME)";
				SWIFT_EMIT_LOC_STRINGS = NO;
				SWIFT_VERSION = 5.0;
				TARGETED_DEVICE_FAMILY = "1,2";
				TEST_HOST = "$(BUILT_PRODUCTS_DIR)/FoodEye.app/$(BUNDLE_EXECUTABLE_FOLDER_PATH)/FoodEye";
			};
			name = Debug;
		};
		D485317E2DE6B8E9004F982D /* Release */ = {
			isa = XCBuildConfiguration;
			buildSettings = {
				BUNDLE_LOADER = "$(TEST_HOST)";
				CODE_SIGN_STYLE = Automatic;
				CURRENT_PROJECT_VERSION = 1;
				DEVELOPMENT_TEAM = P77X63PVT6;
				GENERATE_INFOPLIST_FILE = YES;
				IPHONEOS_DEPLOYMENT_TARGET = 18.4;
				MARKETING_VERSION = 1.0;
				PRODUCT_BUNDLE_IDENTIFIER = philip.FoodEyeTests;
				PRODUCT_NAME = "$(TARGET_NAME)";
				SWIFT_EMIT_LOC_STRINGS = NO;
				SWIFT_VERSION = 5.0;
				TARGETED_DEVICE_FAMILY = "1,2";
				TEST_HOST = "$(BUILT_PRODUCTS_DIR)/FoodEye.app/$(BUNDLE_EXECUTABLE_FOLDER_PATH)/FoodEye";
			};
			name = Release;
		};
		D48531802DE6B8E9004F982D /* Debug */ = {
			isa = XCBuildConfiguration;
			buildSettings = {
				CODE_SIGN_STYLE = Automatic;
				CURRENT_PROJECT_VERSION = 1;
				DEVELOPMENT_TEAM = P77X63PVT6;
				GENERATE_INFOPLIST_FILE = YES;
				MARKETING_VERSION = 1.0;
				PRODUCT_BUNDLE_IDENTIFIER = philip.FoodEyeUITests;
				PRODUCT_NAME = "$(TARGET_NAME)";
				SWIFT_EMIT_LOC_STRINGS = NO;
				SWIFT_VERSION = 5.0;
				TARGETED_DEVICE_FAMILY = "1,2";
				TEST_TARGET_NAME = FoodEye;
			};
			name = Debug;
		};
		D48531812DE6B8E9004F982D /* Release */ = {
			isa = XCBuildConfiguration;
			buildSettings = {
				CODE_SIGN_STYLE = Automatic;
				CURRENT_PROJECT_VERSION = 1;
				DEVELOPMENT_TEAM = P77X63PVT6;
				GENERATE_INFOPLIST_FILE = YES;
				MARKETING_VERSION = 1.0;
				PRODUCT_BUNDLE_IDENTIFIER = philip.FoodEyeUITests;
				PRODUCT_NAME = "$(TARGET_NAME)";
				SWIFT_EMIT_LOC_STRINGS = NO;
				SWIFT_VERSION = 5.0;
				TARGETED_DEVICE_FAMILY = "1,2";
				TEST_TARGET_NAME = FoodEye;
			};
			name = Release;
		};
/* End XCBuildConfiguration section */

/* Begin XCConfigurationList section */
		D48531532DE6B8E8004F982D /* Build configuration list for PBXProject "FoodEye" */ = {
			isa = XCConfigurationList;
			buildConfigurations = (
				D48531772DE6B8E9004F982D /* Debug */,
				D48531782DE6B8E9004F982D /* Release */,
			);
			defaultConfigurationIsVisible = 0;
			defaultConfigurationName = Release;
		};
		D48531792DE6B8E9004F982D /* Build configuration list for PBXNativeTarget "FoodEye" */ = {
			isa = XCConfigurationList;
			buildConfigurations = (
				D485317A2DE6B8E9004F982D /* Debug */,
				D485317B2DE6B8E9004F982D /* Release */,
			);
			defaultConfigurationIsVisible = 0;
			defaultConfigurationName = Release;
		};
		D485317C2DE6B8E9004F982D /* Build configuration list for PBXNativeTarget "FoodEyeTests" */ = {
			isa = XCConfigurationList;
			buildConfigurations = (
				D485317D2DE6B8E9004F982D /* Debug */,
				D485317E2DE6B8E9004F982D /* Release */,
			);
			defaultConfigurationIsVisible = 0;
			defaultConfigurationName = Release;
		};
		D485317F2DE6B8E9004F982D /* Build configuration list for PBXNativeTarget "FoodEyeUITests" */ = {
			isa = XCConfigurationList;
			buildConfigurations = (
				D48531802DE6B8E9004F982D /* Debug */,
				D48531812DE6B8E9004F982D /* Release */,
			);
			defaultConfigurationIsVisible = 0;
			defaultConfigurationName = Release;
		};
/* End XCConfigurationList section */
	};
	rootObject = D48531502DE6B8E8004F982D /* Project object */;
}
